
Microsoft Visual Studio Solution File, Format Version 12.00
# Visual Studio Version 17
VisualStudioVersion = 17.10.35027.167
MinimumVisualStudioVersion = 10.0.40219.1
Project("{FAE04EC0-301F-11D3-BF4B-00C04F79EFBC}") = "Lance.Manager", "Lance.Manager\Lance.Manager.csproj", "{C3F7878B-EB48-4DB5-9966-D01B4E1D0AD4}"
EndProject
Project("{FAE04EC0-301F-11D3-BF4B-00C04F79EFBC}") = "Lance.DAL", "Lance.DAL\Lance.DAL.csproj", "{119DC1E9-F216-49D2-A916-E4082B61C3C5}"
EndProject
Project("{FAE04EC0-301F-11D3-BF4B-00C04F79EFBC}") = "Lance.BLL", "Lance.BLL\Lance.BLL.csproj", "{DAF06AC9-C0A5-4236-AEDF-B4E2F5BBB9E6}"
EndProject
Project("{FAE04EC0-301F-11D3-BF4B-00C04F79EFBC}") = "Lance.UnitTest", "Lance.UnitTest\Lance.UnitTest.csproj", "{6CDDE222-90E8-46DE-A163-1F75B868DAB1}"
EndProject
Project("{FAE04EC0-301F-11D3-BF4B-00C04F79EFBC}") = "LanceOnline.Test", "LanceOnline.Test\LanceOnline.Test.csproj", "{BCAF56A8-5F35-43F9-A10B-2BD84E37022F}"
EndProject
Project("{FAE04EC0-301F-11D3-BF4B-00C04F79EFBC}") = "Lance.Language", "Lance.Language\Lance.Language.csproj", "{570BDC8D-2DB5-4F71-B027-C3E8132E371F}"
EndProject
Project("{FAE04EC0-301F-11D3-BF4B-00C04F79EFBC}") = "Lance.Web.HangFire", "Lance.Web.HangFire\Lance.Web.HangFire.csproj", "{5C095319-27C0-45E3-9867-95729382A6C2}"
EndProject
Project("{FAE04EC0-301F-11D3-BF4B-00C04F79EFBC}") = "TWW.SMS", "TWW.SMS\TWW.SMS.csproj", "{CC107700-E04C-4621-B791-9632BFF238DE}"
EndProject
Project("{FAE04EC0-301F-11D3-BF4B-00C04F79EFBC}") = "Lance.ResaleAPI", "Lance.ResaleAPI.New\Lance.ResaleAPI.csproj", "{0613E95B-5A10-44E1-9F00-1E2CE87E8053}"
EndProject
Project("{FAE04EC0-301F-11D3-BF4B-00C04F79EFBC}") = "Blue.ACL.Discord", "Blue.ACL.Discord\Blue.ACL.Discord.csproj", "{E728CFAE-451E-45F8-9103-1B58184C1560}"
EndProject
Global
	GlobalSection(SolutionConfigurationPlatforms) = preSolution
		Debug|Any CPU = Debug|Any CPU
		Release|Any CPU = Release|Any CPU
	EndGlobalSection
	GlobalSection(ProjectConfigurationPlatforms) = postSolution
		{C3F7878B-EB48-4DB5-9966-D01B4E1D0AD4}.Debug|Any CPU.ActiveCfg = Debug|Any CPU
		{C3F7878B-EB48-4DB5-9966-D01B4E1D0AD4}.Debug|Any CPU.Build.0 = Debug|Any CPU
		{C3F7878B-EB48-4DB5-9966-D01B4E1D0AD4}.Release|Any CPU.ActiveCfg = Release|Any CPU
		{C3F7878B-EB48-4DB5-9966-D01B4E1D0AD4}.Release|Any CPU.Build.0 = Release|Any CPU
		{119DC1E9-F216-49D2-A916-E4082B61C3C5}.Debug|Any CPU.ActiveCfg = Debug|Any CPU
		{119DC1E9-F216-49D2-A916-E4082B61C3C5}.Debug|Any CPU.Build.0 = Debug|Any CPU
		{119DC1E9-F216-49D2-A916-E4082B61C3C5}.Release|Any CPU.ActiveCfg = Release|Any CPU
		{119DC1E9-F216-49D2-A916-E4082B61C3C5}.Release|Any CPU.Build.0 = Release|Any CPU
		{DAF06AC9-C0A5-4236-AEDF-B4E2F5BBB9E6}.Debug|Any CPU.ActiveCfg = Debug|Any CPU
		{DAF06AC9-C0A5-4236-AEDF-B4E2F5BBB9E6}.Debug|Any CPU.Build.0 = Debug|Any CPU
		{DAF06AC9-C0A5-4236-AEDF-B4E2F5BBB9E6}.Release|Any CPU.ActiveCfg = Release|Any CPU
		{DAF06AC9-C0A5-4236-AEDF-B4E2F5BBB9E6}.Release|Any CPU.Build.0 = Release|Any CPU
		{6CDDE222-90E8-46DE-A163-1F75B868DAB1}.Debug|Any CPU.ActiveCfg = Debug|Any CPU
		{6CDDE222-90E8-46DE-A163-1F75B868DAB1}.Debug|Any CPU.Build.0 = Debug|Any CPU
		{6CDDE222-90E8-46DE-A163-1F75B868DAB1}.Release|Any CPU.ActiveCfg = Release|Any CPU
		{6CDDE222-90E8-46DE-A163-1F75B868DAB1}.Release|Any CPU.Build.0 = Release|Any CPU
		{BCAF56A8-5F35-43F9-A10B-2BD84E37022F}.Debug|Any CPU.ActiveCfg = Debug|Any CPU
		{BCAF56A8-5F35-43F9-A10B-2BD84E37022F}.Debug|Any CPU.Build.0 = Debug|Any CPU
		{BCAF56A8-5F35-43F9-A10B-2BD84E37022F}.Release|Any CPU.ActiveCfg = Release|Any CPU
		{BCAF56A8-5F35-43F9-A10B-2BD84E37022F}.Release|Any CPU.Build.0 = Release|Any CPU
		{570BDC8D-2DB5-4F71-B027-C3E8132E371F}.Debug|Any CPU.ActiveCfg = Debug|Any CPU
		{570BDC8D-2DB5-4F71-B027-C3E8132E371F}.Debug|Any CPU.Build.0 = Debug|Any CPU
		{570BDC8D-2DB5-4F71-B027-C3E8132E371F}.Release|Any CPU.ActiveCfg = Release|Any CPU
		{570BDC8D-2DB5-4F71-B027-C3E8132E371F}.Release|Any CPU.Build.0 = Release|Any CPU
		{5C095319-27C0-45E3-9867-95729382A6C2}.Debug|Any CPU.ActiveCfg = Debug|Any CPU
		{5C095319-27C0-45E3-9867-95729382A6C2}.Debug|Any CPU.Build.0 = Debug|Any CPU
		{5C095319-27C0-45E3-9867-95729382A6C2}.Release|Any CPU.ActiveCfg = Release|Any CPU
		{5C095319-27C0-45E3-9867-95729382A6C2}.Release|Any CPU.Build.0 = Release|Any CPU
		{CC107700-E04C-4621-B791-9632BFF238DE}.Debug|Any CPU.ActiveCfg = Debug|Any CPU
		{CC107700-E04C-4621-B791-9632BFF238DE}.Debug|Any CPU.Build.0 = Debug|Any CPU
		{CC107700-E04C-4621-B791-9632BFF238DE}.Release|Any CPU.ActiveCfg = Release|Any CPU
		{CC107700-E04C-4621-B791-9632BFF238DE}.Release|Any CPU.Build.0 = Release|Any CPU
		{0613E95B-5A10-44E1-9F00-1E2CE87E8053}.Debug|Any CPU.ActiveCfg = Debug|Any CPU
		{0613E95B-5A10-44E1-9F00-1E2CE87E8053}.Debug|Any CPU.Build.0 = Debug|Any CPU
		{0613E95B-5A10-44E1-9F00-1E2CE87E8053}.Release|Any CPU.ActiveCfg = Release|Any CPU
		{0613E95B-5A10-44E1-9F00-1E2CE87E8053}.Release|Any CPU.Build.0 = Release|Any CPU
		{E728CFAE-451E-45F8-9103-1B58184C1560}.Debug|Any CPU.ActiveCfg = Debug|Any CPU
		{E728CFAE-451E-45F8-9103-1B58184C1560}.Debug|Any CPU.Build.0 = Debug|Any CPU
		{E728CFAE-451E-45F8-9103-1B58184C1560}.Release|Any CPU.ActiveCfg = Release|Any CPU
		{E728CFAE-451E-45F8-9103-1B58184C1560}.Release|Any CPU.Build.0 = Release|Any CPU
	EndGlobalSection
	GlobalSection(SolutionProperties) = preSolution
		HideSolutionNode = FALSE
	EndGlobalSection
	GlobalSection(ExtensibilityGlobals) = postSolution
		SolutionGuid = {56C35488-6764-4B95-A4B1-CFD29AEDA876}
	EndGlobalSection
EndGlobal
